
Microsoft Visual Studio Solution File, Format Version 12.00
# Visual Studio Version 17
VisualStudioVersion = 17.1.32210.238
MinimumVisualStudioVersion = 10.0.40219.1
Project("{2150E333-8FDC-42A3-9474-1A3956D46DE8}") = "PLINQ", "PLINQ", "{45FE0C64-6A29-4FDE-82E6-5DD91C820A85}"
EndProject
Project("{2150E333-8FDC-42A3-9474-1A3956D46DE8}") = "TPL", "TPL", "{26B7F519-190E-4123-B263-D9174034FF2D}"
EndProject
Project("{9A19103F-16F7-4668-BE54-9A1E7A4F7556}") = "V.01", "V.1\V.01.csproj", "{DA290EFE-ED94-4AE0-B680-4D96196AF1FC}"
EndProject
Project("{9A19103F-16F7-4668-BE54-9A1E7A4F7556}") = "V.02", "V.2\V.02.csproj", "{582D3374-D303-4CB3-8D09-3682F096E45A}"
EndProject
Project("{9A19103F-16F7-4668-BE54-9A1E7A4F7556}") = "V.03", "V.3\V.03.csproj", "{758743A7-F64B-427D-B626-61703A33A258}"
EndProject
Project("{9A19103F-16F7-4668-BE54-9A1E7A4F7556}") = "V.04", "V.4\V.04.csproj", "{01A78DBE-C99E-4291-80A0-4A6B2B378D10}"
EndProject
Project("{9A19103F-16F7-4668-BE54-9A1E7A4F7556}") = "V.05", "V.5\V.05.csproj", "{C40DD6D8-1B08-4E2A-95D2-F56EC7992323}"
EndProject
Project("{9A19103F-16F7-4668-BE54-9A1E7A4F7556}") = "V.06", "V.6\V.06.csproj", "{F2EE8D81-96AF-4067-AD1D-D585A8015A41}"
EndProject
Project("{9A19103F-16F7-4668-BE54-9A1E7A4F7556}") = "V.07", "V.7\V.07.csproj", "{FBDBA137-D4D3-4B72-999A-355D9AA8C2E8}"
EndProject
Project("{9A19103F-16F7-4668-BE54-9A1E7A4F7556}") = "V.08", "V.8\V.08.csproj", "{8C7F1B07-7D01-4927-8901-56E293644277}"
EndProject
Project("{9A19103F-16F7-4668-BE54-9A1E7A4F7556}") = "V.09", "V.9\V.09.csproj", "{4E3118DC-CAD1-48B8-9D91-C057046D10C6}"
EndProject
Project("{9A19103F-16F7-4668-BE54-9A1E7A4F7556}") = "V.10", "V.10\V.10.csproj", "{08AD937D-58C8-445F-BB54-0DAD776F35E1}"
EndProject
Project("{9A19103F-16F7-4668-BE54-9A1E7A4F7556}") = "V.11", "V.11\V.11.csproj", "{0FA36B0E-7A87-47B3-9574-DB590503B497}"
EndProject
Project("{9A19103F-16F7-4668-BE54-9A1E7A4F7556}") = "V.12", "V.12\V.12.csproj", "{971A7A24-11B0-44CF-A82D-BC73ACCA958D}"
EndProject
Project("{9A19103F-16F7-4668-BE54-9A1E7A4F7556}") = "TPL.V.01", "TPL.V.1\TPL.V.01.csproj", "{E09F0DCA-C7B2-45BB-99F5-FA9188B7BC52}"
EndProject
Project("{FAE04EC0-301F-11D3-BF4B-00C04F79EFBC}") = "TPL.V.02", "TPL.V.2\TPL.V.02.csproj", "{B1AA8B06-05DF-463E-8F9A-02E0F76E871F}"
EndProject
Project("{FAE04EC0-301F-11D3-BF4B-00C04F79EFBC}") = "TPL.V.03", "TPL.V.3\TPL.V.03.csproj", "{CF2D26AC-5518-4F18-A9C5-ED1EB8115E57}"
EndProject
Project("{FAE04EC0-301F-11D3-BF4B-00C04F79EFBC}") = "TPL.V.04", "TPL.V.4\TPL.V.04.csproj", "{DD5A1CF7-61E0-411D-A458-5FDA492134CB}"
EndProject
Project("{FAE04EC0-301F-11D3-BF4B-00C04F79EFBC}") = "TPL.V.05", "TPL.V.5\TPL.V.05.csproj", "{CE82D1F7-DA59-490D-8D2F-FC183B26D7DB}"
EndProject
Project("{FAE04EC0-301F-11D3-BF4B-00C04F79EFBC}") = "TPL.V.06", "TPL.V.6\TPL.V.06.csproj", "{216DF803-3C95-4694-A80F-9CCAC326A40B}"
EndProject
Project("{FAE04EC0-301F-11D3-BF4B-00C04F79EFBC}") = "TPL.V.07", "TPL.V.7\TPL.V.07.csproj", "{922A5720-ABDD-403A-B985-2067B0C59A26}"
EndProject
Project("{FAE04EC0-301F-11D3-BF4B-00C04F79EFBC}") = "TPL.V.08", "TPL.V.8\TPL.V.08.csproj", "{2EBF8BF2-B3A6-4EC2-82B0-D0DB4808EC4C}"
EndProject
Project("{FAE04EC0-301F-11D3-BF4B-00C04F79EFBC}") = "TPL.V.09", "TPL.V.9\TPL.V.09.csproj", "{8101CE7E-6F8B-4A4E-9D32-F55C136E20A2}"
EndProject
Project("{FAE04EC0-301F-11D3-BF4B-00C04F79EFBC}") = "TPL.V.10", "TPL.V.10\TPL.V.10.csproj", "{CE97653B-ED2B-4E5E-9C92-992A1DC876C7}"
EndProject
Project("{FAE04EC0-301F-11D3-BF4B-00C04F79EFBC}") = "TPL.V.11", "TPL.V.11\TPL.V.11.csproj", "{742648E2-A357-42C3-B494-E0B43B354C23}"
EndProject
Project("{FAE04EC0-301F-11D3-BF4B-00C04F79EFBC}") = "TPL.V.12", "TPL.V.12\TPL.V.12.csproj", "{8E19BF7D-072C-4E3A-9289-3B21BA715656}"
EndProject
Global
	GlobalSection(SolutionConfigurationPlatforms) = preSolution
		Debug|Any CPU = Debug|Any CPU
		Release|Any CPU = Release|Any CPU
	EndGlobalSection
	GlobalSection(ProjectConfigurationPlatforms) = postSolution
		{DA290EFE-ED94-4AE0-B680-4D96196AF1FC}.Debug|Any CPU.ActiveCfg = Debug|Any CPU
		{DA290EFE-ED94-4AE0-B680-4D96196AF1FC}.Debug|Any CPU.Build.0 = Debug|Any CPU
		{DA290EFE-ED94-4AE0-B680-4D96196AF1FC}.Release|Any CPU.ActiveCfg = Release|Any CPU
		{DA290EFE-ED94-4AE0-B680-4D96196AF1FC}.Release|Any CPU.Build.0 = Release|Any CPU
		{582D3374-D303-4CB3-8D09-3682F096E45A}.Debug|Any CPU.ActiveCfg = Debug|Any CPU
		{582D3374-D303-4CB3-8D09-3682F096E45A}.Debug|Any CPU.Build.0 = Debug|Any CPU
		{582D3374-D303-4CB3-8D09-3682F096E45A}.Release|Any CPU.ActiveCfg = Release|Any CPU
		{582D3374-D303-4CB3-8D09-3682F096E45A}.Release|Any CPU.Build.0 = Release|Any CPU
		{758743A7-F64B-427D-B626-61703A33A258}.Debug|Any CPU.ActiveCfg = Debug|Any CPU
		{758743A7-F64B-427D-B626-61703A33A258}.Debug|Any CPU.Build.0 = Debug|Any CPU
		{758743A7-F64B-427D-B626-61703A33A258}.Release|Any CPU.ActiveCfg = Release|Any CPU
		{758743A7-F64B-427D-B626-61703A33A258}.Release|Any CPU.Build.0 = Release|Any CPU
		{01A78DBE-C99E-4291-80A0-4A6B2B378D10}.Debug|Any CPU.ActiveCfg = Debug|Any CPU
		{01A78DBE-C99E-4291-80A0-4A6B2B378D10}.Debug|Any CPU.Build.0 = Debug|Any CPU
		{01A78DBE-C99E-4291-80A0-4A6B2B378D10}.Release|Any CPU.ActiveCfg = Release|Any CPU
		{01A78DBE-C99E-4291-80A0-4A6B2B378D10}.Release|Any CPU.Build.0 = Release|Any CPU
		{C40DD6D8-1B08-4E2A-95D2-F56EC7992323}.Debug|Any CPU.ActiveCfg = Debug|Any CPU
		{C40DD6D8-1B08-4E2A-95D2-F56EC7992323}.Debug|Any CPU.Build.0 = Debug|Any CPU
		{C40DD6D8-1B08-4E2A-95D2-F56EC7992323}.Release|Any CPU.ActiveCfg = Release|Any CPU
		{C40DD6D8-1B08-4E2A-95D2-F56EC7992323}.Release|Any CPU.Build.0 = Release|Any CPU
		{F2EE8D81-96AF-4067-AD1D-D585A8015A41}.Debug|Any CPU.ActiveCfg = Debug|Any CPU
		{F2EE8D81-96AF-4067-AD1D-D585A8015A41}.Debug|Any CPU.Build.0 = Debug|Any CPU
		{F2EE8D81-96AF-4067-AD1D-D585A8015A41}.Release|Any CPU.ActiveCfg = Release|Any CPU
		{F2EE8D81-96AF-4067-AD1D-D585A8015A41}.Release|Any CPU.Build.0 = Release|Any CPU
		{FBDBA137-D4D3-4B72-999A-355D9AA8C2E8}.Debug|Any CPU.ActiveCfg = Debug|Any CPU
		{FBDBA137-D4D3-4B72-999A-355D9AA8C2E8}.Debug|Any CPU.Build.0 = Debug|Any CPU
		{FBDBA137-D4D3-4B72-999A-355D9AA8C2E8}.Release|Any CPU.ActiveCfg = Release|Any CPU
		{FBDBA137-D4D3-4B72-999A-355D9AA8C2E8}.Release|Any CPU.Build.0 = Release|Any CPU
		{8C7F1B07-7D01-4927-8901-56E293644277}.Debug|Any CPU.ActiveCfg = Debug|Any CPU
		{8C7F1B07-7D01-4927-8901-56E293644277}.Debug|Any CPU.Build.0 = Debug|Any CPU
		{8C7F1B07-7D01-4927-8901-56E293644277}.Release|Any CPU.ActiveCfg = Release|Any CPU
		{8C7F1B07-7D01-4927-8901-56E293644277}.Release|Any CPU.Build.0 = Release|Any CPU
		{4E3118DC-CAD1-48B8-9D91-C057046D10C6}.Debug|Any CPU.ActiveCfg = Debug|Any CPU
		{4E3118DC-CAD1-48B8-9D91-C057046D10C6}.Debug|Any CPU.Build.0 = Debug|Any CPU
		{4E3118DC-CAD1-48B8-9D91-C057046D10C6}.Release|Any CPU.ActiveCfg = Release|Any CPU
		{4E3118DC-CAD1-48B8-9D91-C057046D10C6}.Release|Any CPU.Build.0 = Release|Any CPU
		{08AD937D-58C8-445F-BB54-0DAD776F35E1}.Debug|Any CPU.ActiveCfg = Debug|Any CPU
		{08AD937D-58C8-445F-BB54-0DAD776F35E1}.Debug|Any CPU.Build.0 = Debug|Any CPU
		{08AD937D-58C8-445F-BB54-0DAD776F35E1}.Release|Any CPU.ActiveCfg = Release|Any CPU
		{08AD937D-58C8-445F-BB54-0DAD776F35E1}.Release|Any CPU.Build.0 = Release|Any CPU
		{0FA36B0E-7A87-47B3-9574-DB590503B497}.Debug|Any CPU.ActiveCfg = Debug|Any CPU
		{0FA36B0E-7A87-47B3-9574-DB590503B497}.Debug|Any CPU.Build.0 = Debug|Any CPU
		{0FA36B0E-7A87-47B3-9574-DB590503B497}.Release|Any CPU.ActiveCfg = Release|Any CPU
		{0FA36B0E-7A87-47B3-9574-DB590503B497}.Release|Any CPU.Build.0 = Release|Any CPU
		{971A7A24-11B0-44CF-A82D-BC73ACCA958D}.Debug|Any CPU.ActiveCfg = Debug|Any CPU
		{971A7A24-11B0-44CF-A82D-BC73ACCA958D}.Debug|Any CPU.Build.0 = Debug|Any CPU
		{971A7A24-11B0-44CF-A82D-BC73ACCA958D}.Release|Any CPU.ActiveCfg = Release|Any CPU
		{971A7A24-11B0-44CF-A82D-BC73ACCA958D}.Release|Any CPU.Build.0 = Release|Any CPU
		{E09F0DCA-C7B2-45BB-99F5-FA9188B7BC52}.Debug|Any CPU.ActiveCfg = Debug|Any CPU
		{E09F0DCA-C7B2-45BB-99F5-FA9188B7BC52}.Debug|Any CPU.Build.0 = Debug|Any CPU
		{E09F0DCA-C7B2-45BB-99F5-FA9188B7BC52}.Release|Any CPU.ActiveCfg = Release|Any CPU
		{E09F0DCA-C7B2-45BB-99F5-FA9188B7BC52}.Release|Any CPU.Build.0 = Release|Any CPU
		{B1AA8B06-05DF-463E-8F9A-02E0F76E871F}.Debug|Any CPU.ActiveCfg = Debug|Any CPU
		{B1AA8B06-05DF-463E-8F9A-02E0F76E871F}.Debug|Any CPU.Build.0 = Debug|Any CPU
		{B1AA8B06-05DF-463E-8F9A-02E0F76E871F}.Release|Any CPU.ActiveCfg = Release|Any CPU
		{B1AA8B06-05DF-463E-8F9A-02E0F76E871F}.Release|Any CPU.Build.0 = Release|Any CPU
		{CF2D26AC-5518-4F18-A9C5-ED1EB8115E57}.Debug|Any CPU.ActiveCfg = Debug|Any CPU
		{CF2D26AC-5518-4F18-A9C5-ED1EB8115E57}.Debug|Any CPU.Build.0 = Debug|Any CPU
		{CF2D26AC-5518-4F18-A9C5-ED1EB8115E57}.Release|Any CPU.ActiveCfg = Release|Any CPU
		{CF2D26AC-5518-4F18-A9C5-ED1EB8115E57}.Release|Any CPU.Build.0 = Release|Any CPU
		{DD5A1CF7-61E0-411D-A458-5FDA492134CB}.Debug|Any CPU.ActiveCfg = Debug|Any CPU
		{DD5A1CF7-61E0-411D-A458-5FDA492134CB}.Debug|Any CPU.Build.0 = Debug|Any CPU
		{DD5A1CF7-61E0-411D-A458-5FDA492134CB}.Release|Any CPU.ActiveCfg = Release|Any CPU
		{DD5A1CF7-61E0-411D-A458-5FDA492134CB}.Release|Any CPU.Build.0 = Release|Any CPU
		{CE82D1F7-DA59-490D-8D2F-FC183B26D7DB}.Debug|Any CPU.ActiveCfg = Debug|Any CPU
		{CE82D1F7-DA59-490D-8D2F-FC183B26D7DB}.Debug|Any CPU.Build.0 = Debug|Any CPU
		{CE82D1F7-DA59-490D-8D2F-FC183B26D7DB}.Release|Any CPU.ActiveCfg = Release|Any CPU
		{CE82D1F7-DA59-490D-8D2F-FC183B26D7DB}.Release|Any CPU.Build.0 = Release|Any CPU
		{216DF803-3C95-4694-A80F-9CCAC326A40B}.Debug|Any CPU.ActiveCfg = Debug|Any CPU
		{216DF803-3C95-4694-A80F-9CCAC326A40B}.Debug|Any CPU.Build.0 = Debug|Any CPU
		{216DF803-3C95-4694-A80F-9CCAC326A40B}.Release|Any CPU.ActiveCfg = Release|Any CPU
		{216DF803-3C95-4694-A80F-9CCAC326A40B}.Release|Any CPU.Build.0 = Release|Any CPU
		{922A5720-ABDD-403A-B985-2067B0C59A26}.Debug|Any CPU.ActiveCfg = Debug|Any CPU
		{922A5720-ABDD-403A-B985-2067B0C59A26}.Debug|Any CPU.Build.0 = Debug|Any CPU
		{922A5720-ABDD-403A-B985-2067B0C59A26}.Release|Any CPU.ActiveCfg = Release|Any CPU
		{922A5720-ABDD-403A-B985-2067B0C59A26}.Release|Any CPU.Build.0 = Release|Any CPU
		{2EBF8BF2-B3A6-4EC2-82B0-D0DB4808EC4C}.Debug|Any CPU.ActiveCfg = Debug|Any CPU
		{2EBF8BF2-B3A6-4EC2-82B0-D0DB4808EC4C}.Debug|Any CPU.Build.0 = Debug|Any CPU
		{2EBF8BF2-B3A6-4EC2-82B0-D0DB4808EC4C}.Release|Any CPU.ActiveCfg = Release|Any CPU
		{2EBF8BF2-B3A6-4EC2-82B0-D0DB4808EC4C}.Release|Any CPU.Build.0 = Release|Any CPU
		{8101CE7E-6F8B-4A4E-9D32-F55C136E20A2}.Debug|Any CPU.ActiveCfg = Debug|Any CPU
		{8101CE7E-6F8B-4A4E-9D32-F55C136E20A2}.Debug|Any CPU.Build.0 = Debug|Any CPU
		{8101CE7E-6F8B-4A4E-9D32-F55C136E20A2}.Release|Any CPU.ActiveCfg = Release|Any CPU
		{8101CE7E-6F8B-4A4E-9D32-F55C136E20A2}.Release|Any CPU.Build.0 = Release|Any CPU
		{CE97653B-ED2B-4E5E-9C92-992A1DC876C7}.Debug|Any CPU.ActiveCfg = Debug|Any CPU
		{CE97653B-ED2B-4E5E-9C92-992A1DC876C7}.Debug|Any CPU.Build.0 = Debug|Any CPU
		{CE97653B-ED2B-4E5E-9C92-992A1DC876C7}.Release|Any CPU.ActiveCfg = Release|Any CPU
		{CE97653B-ED2B-4E5E-9C92-992A1DC876C7}.Release|Any CPU.Build.0 = Release|Any CPU
		{742648E2-A357-42C3-B494-E0B43B354C23}.Debug|Any CPU.ActiveCfg = Debug|Any CPU
		{742648E2-A357-42C3-B494-E0B43B354C23}.Debug|Any CPU.Build.0 = Debug|Any CPU
		{742648E2-A357-42C3-B494-E0B43B354C23}.Release|Any CPU.ActiveCfg = Release|Any CPU
		{742648E2-A357-42C3-B494-E0B43B354C23}.Release|Any CPU.Build.0 = Release|Any CPU
		{8E19BF7D-072C-4E3A-9289-3B21BA715656}.Debug|Any CPU.ActiveCfg = Debug|Any CPU
		{8E19BF7D-072C-4E3A-9289-3B21BA715656}.Debug|Any CPU.Build.0 = Debug|Any CPU
		{8E19BF7D-072C-4E3A-9289-3B21BA715656}.Release|Any CPU.ActiveCfg = Release|Any CPU
		{8E19BF7D-072C-4E3A-9289-3B21BA715656}.Release|Any CPU.Build.0 = Release|Any CPU
	EndGlobalSection
	GlobalSection(SolutionProperties) = preSolution
		HideSolutionNode = FALSE
	EndGlobalSection
	GlobalSection(NestedProjects) = preSolution
		{DA290EFE-ED94-4AE0-B680-4D96196AF1FC} = {45FE0C64-6A29-4FDE-82E6-5DD91C820A85}
		{582D3374-D303-4CB3-8D09-3682F096E45A} = {45FE0C64-6A29-4FDE-82E6-5DD91C820A85}
		{758743A7-F64B-427D-B626-61703A33A258} = {45FE0C64-6A29-4FDE-82E6-5DD91C820A85}
		{01A78DBE-C99E-4291-80A0-4A6B2B378D10} = {45FE0C64-6A29-4FDE-82E6-5DD91C820A85}
		{C40DD6D8-1B08-4E2A-95D2-F56EC7992323} = {45FE0C64-6A29-4FDE-82E6-5DD91C820A85}
		{F2EE8D81-96AF-4067-AD1D-D585A8015A41} = {45FE0C64-6A29-4FDE-82E6-5DD91C820A85}
		{FBDBA137-D4D3-4B72-999A-355D9AA8C2E8} = {45FE0C64-6A29-4FDE-82E6-5DD91C820A85}
		{8C7F1B07-7D01-4927-8901-56E293644277} = {45FE0C64-6A29-4FDE-82E6-5DD91C820A85}
		{4E3118DC-CAD1-48B8-9D91-C057046D10C6} = {45FE0C64-6A29-4FDE-82E6-5DD91C820A85}
		{08AD937D-58C8-445F-BB54-0DAD776F35E1} = {45FE0C64-6A29-4FDE-82E6-5DD91C820A85}
		{0FA36B0E-7A87-47B3-9574-DB590503B497} = {45FE0C64-6A29-4FDE-82E6-5DD91C820A85}
		{971A7A24-11B0-44CF-A82D-BC73ACCA958D} = {45FE0C64-6A29-4FDE-82E6-5DD91C820A85}
		{E09F0DCA-C7B2-45BB-99F5-FA9188B7BC52} = {26B7F519-190E-4123-B263-D9174034FF2D}
		{B1AA8B06-05DF-463E-8F9A-02E0F76E871F} = {26B7F519-190E-4123-B263-D9174034FF2D}
		{CF2D26AC-5518-4F18-A9C5-ED1EB8115E57} = {26B7F519-190E-4123-B263-D9174034FF2D}
		{DD5A1CF7-61E0-411D-A458-5FDA492134CB} = {26B7F519-190E-4123-B263-D9174034FF2D}
		{CE82D1F7-DA59-490D-8D2F-FC183B26D7DB} = {26B7F519-190E-4123-B263-D9174034FF2D}
		{216DF803-3C95-4694-A80F-9CCAC326A40B} = {26B7F519-190E-4123-B263-D9174034FF2D}
		{922A5720-ABDD-403A-B985-2067B0C59A26} = {26B7F519-190E-4123-B263-D9174034FF2D}
		{2EBF8BF2-B3A6-4EC2-82B0-D0DB4808EC4C} = {26B7F519-190E-4123-B263-D9174034FF2D}
		{8101CE7E-6F8B-4A4E-9D32-F55C136E20A2} = {26B7F519-190E-4123-B263-D9174034FF2D}
		{CE97653B-ED2B-4E5E-9C92-992A1DC876C7} = {26B7F519-190E-4123-B263-D9174034FF2D}
		{742648E2-A357-42C3-B494-E0B43B354C23} = {26B7F519-190E-4123-B263-D9174034FF2D}
		{8E19BF7D-072C-4E3A-9289-3B21BA715656} = {26B7F519-190E-4123-B263-D9174034FF2D}
	EndGlobalSection
	GlobalSection(ExtensibilityGlobals) = postSolution
		SolutionGuid = {72135FF0-323E-43D6-B8F1-2594F5E0AC97}
	EndGlobalSection
EndGlobal
